// !$*UTF8*$!
{
	archiveVersion = 1;
	classes = {
	};
	objectVersion = 56;
	objects = {

/* Begin PBXBuildFile section */
		C393C34C492BC0D700319162 /* Pods_e_commerce.framework in Frameworks */ = {isa = PBXBuildFile; fileRef = C3355D14F0F1A4E0CD5579FF /* Pods_e_commerce.framework */; };
		EA02C9EE2B9710F400C039F5 /* AddDriverViewController.swift in Sources */ = {isa = PBXBuildFile; fileRef = EA02C9ED2B9710F400C039F5 /* AddDriverViewController.swift */; };
		EA02C9F02B97110300C039F5 /* AdminDriverDetailsViewController.swift in Sources */ = {isa = PBXBuildFile; fileRef = EA02C9EF2B97110300C039F5 /* AdminDriverDetailsViewController.swift */; };
		EA02C9F32B971EDB00C039F5 /* MoreTableViewCell.swift in Sources */ = {isa = PBXBuildFile; fileRef = EA02C9F22B971EDB00C039F5 /* MoreTableViewCell.swift */; };
		EA02C9F52B971F7800C039F5 /* MoreModel.swift in Sources */ = {isa = PBXBuildFile; fileRef = EA02C9F42B971F7800C039F5 /* MoreModel.swift */; };
		EA02C9F72B97286200C039F5 /* AdminSettingViewController.swift in Sources */ = {isa = PBXBuildFile; fileRef = EA02C9F62B97286200C039F5 /* AdminSettingViewController.swift */; };
		EA2439222B63A0DA00ACD5BE /* ProductDetailViewController.swift in Sources */ = {isa = PBXBuildFile; fileRef = EA2439212B63A0DA00ACD5BE /* ProductDetailViewController.swift */; };
		EA2439242B63A66A00ACD5BE /* extensions.swift in Sources */ = {isa = PBXBuildFile; fileRef = EA2439232B63A66A00ACD5BE /* extensions.swift */; };
		EA2ECF9C2B63E14E00DF2C31 /* OrderViewController.swift in Sources */ = {isa = PBXBuildFile; fileRef = EA2ECF9B2B63E14E00DF2C31 /* OrderViewController.swift */; };
		EA2ECF9E2B643F3200DF2C31 /* FavouriteViewController.swift in Sources */ = {isa = PBXBuildFile; fileRef = EA2ECF9D2B643F3200DF2C31 /* FavouriteViewController.swift */; };
		EA2ECFA22B643F6900DF2C31 /* FavouriteCollectionViewCell.swift in Sources */ = {isa = PBXBuildFile; fileRef = EA2ECFA02B643F6900DF2C31 /* FavouriteCollectionViewCell.swift */; };
		EA2ECFA32B643F6900DF2C31 /* FavouriteCollectionViewCell.xib in Resources */ = {isa = PBXBuildFile; fileRef = EA2ECFA12B643F6900DF2C31 /* FavouriteCollectionViewCell.xib */; };
		EA4BF1A62B63B63700743F3F /* IngredientsTableViewCell.swift in Sources */ = {isa = PBXBuildFile; fileRef = EA4BF1A42B63B63700743F3F /* IngredientsTableViewCell.swift */; };
		EA4BF1A72B63B63700743F3F /* IngredientsTableViewCell.xib in Resources */ = {isa = PBXBuildFile; fileRef = EA4BF1A52B63B63700743F3F /* IngredientsTableViewCell.xib */; };
		EA4BF1AB2B63DB7700743F3F /* OrdersTableViewCell.swift in Sources */ = {isa = PBXBuildFile; fileRef = EA4BF1A92B63DB7700743F3F /* OrdersTableViewCell.swift */; };
		EA4BF1AC2B63DB7700743F3F /* OrdersTableViewCell.xib in Resources */ = {isa = PBXBuildFile; fileRef = EA4BF1AA2B63DB7700743F3F /* OrdersTableViewCell.xib */; };
		EA5E7F8F2B630F2F0045C6D7 /* CartViewController.swift in Sources */ = {isa = PBXBuildFile; fileRef = EA5E7F8E2B630F2F0045C6D7 /* CartViewController.swift */; };
		EA5E7F932B6310510045C6D7 /* CartTableViewCell.swift in Sources */ = {isa = PBXBuildFile; fileRef = EA5E7F912B6310510045C6D7 /* CartTableViewCell.swift */; };
		EA5E7F942B6310510045C6D7 /* CartTableViewCell.xib in Resources */ = {isa = PBXBuildFile; fileRef = EA5E7F922B6310510045C6D7 /* CartTableViewCell.xib */; };
		EA5F4F302B972A3B00475EF3 /* AdminSubscriptionsViewController.swift in Sources */ = {isa = PBXBuildFile; fileRef = EA5F4F2F2B972A3B00475EF3 /* AdminSubscriptionsViewController.swift */; };
		EA5F4F342B97305900475EF3 /* SubscriptionsTableViewCell.swift in Sources */ = {isa = PBXBuildFile; fileRef = EA5F4F322B97305900475EF3 /* SubscriptionsTableViewCell.swift */; };
		EA5F4F352B97305900475EF3 /* SubscriptionsTableViewCell.xib in Resources */ = {isa = PBXBuildFile; fileRef = EA5F4F332B97305900475EF3 /* SubscriptionsTableViewCell.xib */; };
		EA5F4F392B975FC900475EF3 /* BlockMarketTableViewCell.swift in Sources */ = {isa = PBXBuildFile; fileRef = EA5F4F372B975FC900475EF3 /* BlockMarketTableViewCell.swift */; };
		EA5F4F3A2B975FC900475EF3 /* BlockMarketTableViewCell.xib in Resources */ = {isa = PBXBuildFile; fileRef = EA5F4F382B975FC900475EF3 /* BlockMarketTableViewCell.xib */; };
		EA5F4F3C2B97620200475EF3 /* AdminBlockMarketViewController.swift in Sources */ = {isa = PBXBuildFile; fileRef = EA5F4F3B2B97620200475EF3 /* AdminBlockMarketViewController.swift */; };
		EA5F4F412B99152500475EF3 /* MarketHomeViewController.swift in Sources */ = {isa = PBXBuildFile; fileRef = EA5F4F402B99152500475EF3 /* MarketHomeViewController.swift */; };
		EA5F4F432B99163000475EF3 /* CurrentOrderViewController.swift in Sources */ = {isa = PBXBuildFile; fileRef = EA5F4F422B99163000475EF3 /* CurrentOrderViewController.swift */; };
		EA5F4F452B99164500475EF3 /* MarketMoreViewController.swift in Sources */ = {isa = PBXBuildFile; fileRef = EA5F4F442B99164500475EF3 /* MarketMoreViewController.swift */; };
		EA5F4F4B2B9916D100475EF3 /* MarketTabbar.swift in Sources */ = {isa = PBXBuildFile; fileRef = EA5F4F4A2B9916D100475EF3 /* MarketTabbar.swift */; };
		EA5F4F4D2B99177800475EF3 /* MarketSettingViewController.swift in Sources */ = {isa = PBXBuildFile; fileRef = EA5F4F4C2B99177800475EF3 /* MarketSettingViewController.swift */; };
		EA5F4F4F2B9917AB00475EF3 /* MarketProfileViewController.swift in Sources */ = {isa = PBXBuildFile; fileRef = EA5F4F4E2B9917AB00475EF3 /* MarketProfileViewController.swift */; };
		EA5F4F512B9917CC00475EF3 /* MarketAnnouncementViewController.swift in Sources */ = {isa = PBXBuildFile; fileRef = EA5F4F502B9917CC00475EF3 /* MarketAnnouncementViewController.swift */; };
		EA6AE0942B62694400AE45DB /* bestProductsCollectionViewCell.swift in Sources */ = {isa = PBXBuildFile; fileRef = EA6AE0922B62694400AE45DB /* bestProductsCollectionViewCell.swift */; };
		EA6AE0952B62694400AE45DB /* bestProductsCollectionViewCell.xib in Resources */ = {isa = PBXBuildFile; fileRef = EA6AE0932B62694400AE45DB /* bestProductsCollectionViewCell.xib */; };
		EA6AE09B2B62AEE100AE45DB /* ResturantDetailViewController.swift in Sources */ = {isa = PBXBuildFile; fileRef = EA6AE09A2B62AEE100AE45DB /* ResturantDetailViewController.swift */; };
		EA78A5EB2B60559D00790B12 /* AppDelegate.swift in Sources */ = {isa = PBXBuildFile; fileRef = EA78A5EA2B60559D00790B12 /* AppDelegate.swift */; };
		EA78A5ED2B60559D00790B12 /* SceneDelegate.swift in Sources */ = {isa = PBXBuildFile; fileRef = EA78A5EC2B60559D00790B12 /* SceneDelegate.swift */; };
		EA78A5EF2B60559D00790B12 /* MainViewController.swift in Sources */ = {isa = PBXBuildFile; fileRef = EA78A5EE2B60559D00790B12 /* MainViewController.swift */; };
		EA78A5F22B60559D00790B12 /* Main.storyboard in Resources */ = {isa = PBXBuildFile; fileRef = EA78A5F02B60559D00790B12 /* Main.storyboard */; };
		EA78A5F42B60559D00790B12 /* Assets.xcassets in Resources */ = {isa = PBXBuildFile; fileRef = EA78A5F32B60559D00790B12 /* Assets.xcassets */; };
		EA78A5F72B60559D00790B12 /* LaunchScreen.storyboard in Resources */ = {isa = PBXBuildFile; fileRef = EA78A5F52B60559D00790B12 /* LaunchScreen.storyboard */; };
		EA78A6002B605A5A00790B12 /* BannerCollectionViewCell.swift in Sources */ = {isa = PBXBuildFile; fileRef = EA78A5FE2B605A5A00790B12 /* BannerCollectionViewCell.swift */; };
		EA78A6012B605A5A00790B12 /* BannerCollectionViewCell.xib in Resources */ = {isa = PBXBuildFile; fileRef = EA78A5FF2B605A5A00790B12 /* BannerCollectionViewCell.xib */; };
		EA8881FF2B8823EF00A1B51A /* MainTabBarController.swift in Sources */ = {isa = PBXBuildFile; fileRef = EA8881FE2B8823EF00A1B51A /* MainTabBarController.swift */; };
		EA8A7A902B8B389300CCC677 /* UserChatRoomTableViewCell.swift in Sources */ = {isa = PBXBuildFile; fileRef = EA8A7A8E2B8B389300CCC677 /* UserChatRoomTableViewCell.swift */; };
		EA8A7A912B8B389300CCC677 /* UserChatRoomTableViewCell.xib in Resources */ = {isa = PBXBuildFile; fileRef = EA8A7A8F2B8B389300CCC677 /* UserChatRoomTableViewCell.xib */; };
		EA8A7A972B8B3C5400CCC677 /* Extension+UitableView.swift in Sources */ = {isa = PBXBuildFile; fileRef = EA8A7A922B8B3C5400CCC677 /* Extension+UitableView.swift */; };
		EA8A7A982B8B3C5400CCC677 /* Extension+UitextField.swift in Sources */ = {isa = PBXBuildFile; fileRef = EA8A7A932B8B3C5400CCC677 /* Extension+UitextField.swift */; };
		EA8A7A992B8B3C5400CCC677 /* Extension+UiimageView.swift in Sources */ = {isa = PBXBuildFile; fileRef = EA8A7A942B8B3C5400CCC677 /* Extension+UiimageView.swift */; };
		EA8A7A9A2B8B3C5400CCC677 /* Extension+UiView.swift in Sources */ = {isa = PBXBuildFile; fileRef = EA8A7A952B8B3C5400CCC677 /* Extension+UiView.swift */; };
		EA8A7A9B2B8B3C5400CCC677 /* Extension+UiLable.swift in Sources */ = {isa = PBXBuildFile; fileRef = EA8A7A962B8B3C5400CCC677 /* Extension+UiLable.swift */; };
		EA8A7A9D2B8B3EA900CCC677 /* MessageModel.swift in Sources */ = {isa = PBXBuildFile; fileRef = EA8A7A9C2B8B3EA900CCC677 /* MessageModel.swift */; };
		EA8A7AA72B8B5BCF00CCC677 /* TopNavView.swift in Sources */ = {isa = PBXBuildFile; fileRef = EA8A7AA52B8B5BCF00CCC677 /* TopNavView.swift */; };
		EA8A7AAA2B8B5E2600CCC677 /* AdminMoreViewController.swift in Sources */ = {isa = PBXBuildFile; fileRef = EA8A7AA92B8B5E2600CCC677 /* AdminMoreViewController.swift */; };
		EA8A7AB82B8B9A6C00CCC677 /* AdminMarketOrdersViewController.swift in Sources */ = {isa = PBXBuildFile; fileRef = EA8A7AB72B8B9A6C00CCC677 /* AdminMarketOrdersViewController.swift */; };
		EA9CCB382B89D58A00733C4F /* LoadingViewController.swift in Sources */ = {isa = PBXBuildFile; fileRef = EA9CCB372B89D58A00733C4F /* LoadingViewController.swift */; };
		EA9CCB3A2B89DC7400733C4F /* StorageManager.swift in Sources */ = {isa = PBXBuildFile; fileRef = EA9CCB392B89DC7300733C4F /* StorageManager.swift */; };
		EA9CCB3C2B89EE7700733C4F /* extension+UiViewContoller.swift in Sources */ = {isa = PBXBuildFile; fileRef = EA9CCB3B2B89EE7700733C4F /* extension+UiViewContoller.swift */; };
		EA9CCB3E2B89F94100733C4F /* AdminDriversViewController.swift in Sources */ = {isa = PBXBuildFile; fileRef = EA9CCB3D2B89F94100733C4F /* AdminDriversViewController.swift */; };
		EA9CCB402B8A011900733C4F /* ChatRoomViewController.swift in Sources */ = {isa = PBXBuildFile; fileRef = EA9CCB3F2B8A011900733C4F /* ChatRoomViewController.swift */; };
		EA9CCB422B8A097100733C4F /* AdminChatViewController.swift in Sources */ = {isa = PBXBuildFile; fileRef = EA9CCB412B8A097100733C4F /* AdminChatViewController.swift */; };
		EA9CCB522B8A4FEA00733C4F /* Models.swift in Sources */ = {isa = PBXBuildFile; fileRef = EA9CCB4F2B8A4FE900733C4F /* Models.swift */; };
		EA9CCB532B8A4FEA00733C4F /* CostumerModel.swift in Sources */ = {isa = PBXBuildFile; fileRef = EA9CCB502B8A4FE900733C4F /* CostumerModel.swift */; };
		EA9CCB542B8A4FEA00733C4F /* MarketModel.swift in Sources */ = {isa = PBXBuildFile; fileRef = EA9CCB512B8A4FE900733C4F /* MarketModel.swift */; };
		EA9E8E842B6180A300A250B0 /* CategoryTableViewCell.swift in Sources */ = {isa = PBXBuildFile; fileRef = EA9E8E832B6180A300A250B0 /* CategoryTableViewCell.swift */; };
		EA9E8E882B6182B600A250B0 /* CategoryCollectionViewCell.swift in Sources */ = {isa = PBXBuildFile; fileRef = EA9E8E862B6182B600A250B0 /* CategoryCollectionViewCell.swift */; };
		EA9E8E892B6182B600A250B0 /* CategoryCollectionViewCell.xib in Resources */ = {isa = PBXBuildFile; fileRef = EA9E8E872B6182B600A250B0 /* CategoryCollectionViewCell.xib */; };
		EA9E8E912B61B03500A250B0 /* RestaurantsCollectionViewCell.swift in Sources */ = {isa = PBXBuildFile; fileRef = EA9E8E8F2B61B03500A250B0 /* RestaurantsCollectionViewCell.swift */; };
		EA9E8E922B61B03500A250B0 /* RestaurantsCollectionViewCell.xib in Resources */ = {isa = PBXBuildFile; fileRef = EA9E8E902B61B03500A250B0 /* RestaurantsCollectionViewCell.xib */; };
		EAB2B6122B86A55800A7D419 /* SecondMainViewController.swift in Sources */ = {isa = PBXBuildFile; fileRef = EAB2B6112B86A55800A7D419 /* SecondMainViewController.swift */; };
		EAB2B6152B86A74800A7D419 /* OnboardingViewController.swift in Sources */ = {isa = PBXBuildFile; fileRef = EAB2B6142B86A74800A7D419 /* OnboardingViewController.swift */; };
		EAB2B6172B86AE4B00A7D419 /* OnboardingCollectionViewCell.swift in Sources */ = {isa = PBXBuildFile; fileRef = EAB2B6162B86AE4B00A7D419 /* OnboardingCollectionViewCell.swift */; };
		EACFEE302B656469008AE44C /* SearchViewController.swift in Sources */ = {isa = PBXBuildFile; fileRef = EACFEE2F2B656469008AE44C /* SearchViewController.swift */; };
		EACFEE322B65888D008AE44C /* TrackViewController.swift in Sources */ = {isa = PBXBuildFile; fileRef = EACFEE312B65888D008AE44C /* TrackViewController.swift */; };
		EAD2F5B22B8CB059004A58EE /* DriverCollectionViewCell.swift in Sources */ = {isa = PBXBuildFile; fileRef = EAD2F5B02B8CB059004A58EE /* DriverCollectionViewCell.swift */; };
		EAD2F5B32B8CB059004A58EE /* DriverCollectionViewCell.xib in Resources */ = {isa = PBXBuildFile; fileRef = EAD2F5B12B8CB059004A58EE /* DriverCollectionViewCell.xib */; };
		EAD2F5B52B8CBB24004A58EE /* DriverModel.swift in Sources */ = {isa = PBXBuildFile; fileRef = EAD2F5B42B8CBB24004A58EE /* DriverModel.swift */; };
		EAE8416D2B888E65006E2742 /* extensions+UiNavController.swift in Sources */ = {isa = PBXBuildFile; fileRef = EAE8416C2B888E65006E2742 /* extensions+UiNavController.swift */; };
		EAE8416F2B88918A006E2742 /* AdminTabBarController.swift in Sources */ = {isa = PBXBuildFile; fileRef = EAE8416E2B88918A006E2742 /* AdminTabBarController.swift */; };
		EAE841712B8891F4006E2742 /* AdminHomeViewController.swift in Sources */ = {isa = PBXBuildFile; fileRef = EAE841702B8891F4006E2742 /* AdminHomeViewController.swift */; };
		EAE841752B88991E006E2742 /* MarketViewController.swift in Sources */ = {isa = PBXBuildFile; fileRef = EAE841742B88991E006E2742 /* MarketViewController.swift */; };
		EAE8417A2B88C15A006E2742 /* CostumerServicesViewController.swift in Sources */ = {isa = PBXBuildFile; fileRef = EAE841792B88C15A006E2742 /* CostumerServicesViewController.swift */; };
		EAE8417F2B88CAE4006E2742 /* CostumerTableViewCell.swift in Sources */ = {isa = PBXBuildFile; fileRef = EAE8417D2B88CAE4006E2742 /* CostumerTableViewCell.swift */; };
		EAE841802B88CAE4006E2742 /* CostumerTableViewCell.xib in Resources */ = {isa = PBXBuildFile; fileRef = EAE8417E2B88CAE4006E2742 /* CostumerTableViewCell.xib */; };
		EAE841872B890D36006E2742 /* MarketCollectionViewCell.swift in Sources */ = {isa = PBXBuildFile; fileRef = EAE841852B890D36006E2742 /* MarketCollectionViewCell.swift */; };
		EAE841882B890D36006E2742 /* MarketCollectionViewCell.xib in Resources */ = {isa = PBXBuildFile; fileRef = EAE841862B890D36006E2742 /* MarketCollectionViewCell.xib */; };
		EAE8418D2B891D40006E2742 /* AdminMarketDetailsViewController.swift in Sources */ = {isa = PBXBuildFile; fileRef = EAE8418C2B891D40006E2742 /* AdminMarketDetailsViewController.swift */; };
		EAE8418F2B891D63006E2742 /* AdminEditMarketViewController.swift in Sources */ = {isa = PBXBuildFile; fileRef = EAE8418E2B891D63006E2742 /* AdminEditMarketViewController.swift */; };
		EAF6440C2B894481006BDADE /* NavigationManager.swift in Sources */ = {isa = PBXBuildFile; fileRef = EAF6440B2B894481006BDADE /* NavigationManager.swift */; };
/* End PBXBuildFile section */

/* Begin PBXFileReference section */
		115995DC1A5829155968989F /* Pods-e-commerce.debug.xcconfig */ = {isa = PBXFileReference; includeInIndex = 1; lastKnownFileType = text.xcconfig; name = "Pods-e-commerce.debug.xcconfig"; path = "Target Support Files/Pods-e-commerce/Pods-e-commerce.debug.xcconfig"; sourceTree = "<group>"; };
		502C74A3159D6B65B285C69C /* Pods-e-commerce.release.xcconfig */ = {isa = PBXFileReference; includeInIndex = 1; lastKnownFileType = text.xcconfig; name = "Pods-e-commerce.release.xcconfig"; path = "Target Support Files/Pods-e-commerce/Pods-e-commerce.release.xcconfig"; sourceTree = "<group>"; };
		C3355D14F0F1A4E0CD5579FF /* Pods_e_commerce.framework */ = {isa = PBXFileReference; explicitFileType = wrapper.framework; includeInIndex = 0; path = Pods_e_commerce.framework; sourceTree = BUILT_PRODUCTS_DIR; };
		EA02C9ED2B9710F400C039F5 /* AddDriverViewController.swift */ = {isa = PBXFileReference; lastKnownFileType = sourcecode.swift; path = AddDriverViewController.swift; sourceTree = "<group>"; };
		EA02C9EF2B97110300C039F5 /* AdminDriverDetailsViewController.swift */ = {isa = PBXFileReference; lastKnownFileType = sourcecode.swift; path = AdminDriverDetailsViewController.swift; sourceTree = "<group>"; };
		EA02C9F22B971EDB00C039F5 /* MoreTableViewCell.swift */ = {isa = PBXFileReference; lastKnownFileType = sourcecode.swift; path = MoreTableViewCell.swift; sourceTree = "<group>"; };
		EA02C9F42B971F7800C039F5 /* MoreModel.swift */ = {isa = PBXFileReference; lastKnownFileType = sourcecode.swift; path = MoreModel.swift; sourceTree = "<group>"; };
		EA02C9F62B97286200C039F5 /* AdminSettingViewController.swift */ = {isa = PBXFileReference; lastKnownFileType = sourcecode.swift; path = AdminSettingViewController.swift; sourceTree = "<group>"; };
		EA2439212B63A0DA00ACD5BE /* ProductDetailViewController.swift */ = {isa = PBXFileReference; lastKnownFileType = sourcecode.swift; path = ProductDetailViewController.swift; sourceTree = "<group>"; };
		EA2439232B63A66A00ACD5BE /* extensions.swift */ = {isa = PBXFileReference; lastKnownFileType = sourcecode.swift; path = extensions.swift; sourceTree = "<group>"; };
		EA2ECF9B2B63E14E00DF2C31 /* OrderViewController.swift */ = {isa = PBXFileReference; lastKnownFileType = sourcecode.swift; path = OrderViewController.swift; sourceTree = "<group>"; };
		EA2ECF9D2B643F3200DF2C31 /* FavouriteViewController.swift */ = {isa = PBXFileReference; lastKnownFileType = sourcecode.swift; path = FavouriteViewController.swift; sourceTree = "<group>"; };
		EA2ECFA02B643F6900DF2C31 /* FavouriteCollectionViewCell.swift */ = {isa = PBXFileReference; lastKnownFileType = sourcecode.swift; path = FavouriteCollectionViewCell.swift; sourceTree = "<group>"; };
		EA2ECFA12B643F6900DF2C31 /* FavouriteCollectionViewCell.xib */ = {isa = PBXFileReference; lastKnownFileType = file.xib; path = FavouriteCollectionViewCell.xib; sourceTree = "<group>"; };
		EA4BF1A42B63B63700743F3F /* IngredientsTableViewCell.swift */ = {isa = PBXFileReference; lastKnownFileType = sourcecode.swift; path = IngredientsTableViewCell.swift; sourceTree = "<group>"; };
		EA4BF1A52B63B63700743F3F /* IngredientsTableViewCell.xib */ = {isa = PBXFileReference; lastKnownFileType = file.xib; path = IngredientsTableViewCell.xib; sourceTree = "<group>"; };
		EA4BF1A92B63DB7700743F3F /* OrdersTableViewCell.swift */ = {isa = PBXFileReference; lastKnownFileType = sourcecode.swift; path = OrdersTableViewCell.swift; sourceTree = "<group>"; };
		EA4BF1AA2B63DB7700743F3F /* OrdersTableViewCell.xib */ = {isa = PBXFileReference; lastKnownFileType = file.xib; path = OrdersTableViewCell.xib; sourceTree = "<group>"; };
		EA5E7F8E2B630F2F0045C6D7 /* CartViewController.swift */ = {isa = PBXFileReference; lastKnownFileType = sourcecode.swift; path = CartViewController.swift; sourceTree = "<group>"; };
		EA5E7F912B6310510045C6D7 /* CartTableViewCell.swift */ = {isa = PBXFileReference; lastKnownFileType = sourcecode.swift; path = CartTableViewCell.swift; sourceTree = "<group>"; };
		EA5E7F922B6310510045C6D7 /* CartTableViewCell.xib */ = {isa = PBXFileReference; lastKnownFileType = file.xib; path = CartTableViewCell.xib; sourceTree = "<group>"; };
		EA5F4F2F2B972A3B00475EF3 /* AdminSubscriptionsViewController.swift */ = {isa = PBXFileReference; lastKnownFileType = sourcecode.swift; path = AdminSubscriptionsViewController.swift; sourceTree = "<group>"; };
		EA5F4F322B97305900475EF3 /* SubscriptionsTableViewCell.swift */ = {isa = PBXFileReference; lastKnownFileType = sourcecode.swift; path = SubscriptionsTableViewCell.swift; sourceTree = "<group>"; };
		EA5F4F332B97305900475EF3 /* SubscriptionsTableViewCell.xib */ = {isa = PBXFileReference; lastKnownFileType = file.xib; path = SubscriptionsTableViewCell.xib; sourceTree = "<group>"; };
		EA5F4F372B975FC900475EF3 /* BlockMarketTableViewCell.swift */ = {isa = PBXFileReference; lastKnownFileType = sourcecode.swift; path = BlockMarketTableViewCell.swift; sourceTree = "<group>"; };
		EA5F4F382B975FC900475EF3 /* BlockMarketTableViewCell.xib */ = {isa = PBXFileReference; lastKnownFileType = file.xib; path = BlockMarketTableViewCell.xib; sourceTree = "<group>"; };
		EA5F4F3B2B97620200475EF3 /* AdminBlockMarketViewController.swift */ = {isa = PBXFileReference; lastKnownFileType = sourcecode.swift; path = AdminBlockMarketViewController.swift; sourceTree = "<group>"; };
		EA5F4F402B99152500475EF3 /* MarketHomeViewController.swift */ = {isa = PBXFileReference; lastKnownFileType = sourcecode.swift; path = MarketHomeViewController.swift; sourceTree = "<group>"; };
		EA5F4F422B99163000475EF3 /* CurrentOrderViewController.swift */ = {isa = PBXFileReference; lastKnownFileType = sourcecode.swift; path = CurrentOrderViewController.swift; sourceTree = "<group>"; };
		EA5F4F442B99164500475EF3 /* MarketMoreViewController.swift */ = {isa = PBXFileReference; lastKnownFileType = sourcecode.swift; path = MarketMoreViewController.swift; sourceTree = "<group>"; };
		EA5F4F4A2B9916D100475EF3 /* MarketTabbar.swift */ = {isa = PBXFileReference; lastKnownFileType = sourcecode.swift; path = MarketTabbar.swift; sourceTree = "<group>"; };
		EA5F4F4C2B99177800475EF3 /* MarketSettingViewController.swift */ = {isa = PBXFileReference; lastKnownFileType = sourcecode.swift; path = MarketSettingViewController.swift; sourceTree = "<group>"; };
		EA5F4F4E2B9917AB00475EF3 /* MarketProfileViewController.swift */ = {isa = PBXFileReference; lastKnownFileType = sourcecode.swift; path = MarketProfileViewController.swift; sourceTree = "<group>"; };
		EA5F4F502B9917CC00475EF3 /* MarketAnnouncementViewController.swift */ = {isa = PBXFileReference; lastKnownFileType = sourcecode.swift; path = MarketAnnouncementViewController.swift; sourceTree = "<group>"; };
		EA6AE0922B62694400AE45DB /* bestProductsCollectionViewCell.swift */ = {isa = PBXFileReference; lastKnownFileType = sourcecode.swift; path = bestProductsCollectionViewCell.swift; sourceTree = "<group>"; };
		EA6AE0932B62694400AE45DB /* bestProductsCollectionViewCell.xib */ = {isa = PBXFileReference; lastKnownFileType = file.xib; path = bestProductsCollectionViewCell.xib; sourceTree = "<group>"; };
		EA6AE09A2B62AEE100AE45DB /* ResturantDetailViewController.swift */ = {isa = PBXFileReference; lastKnownFileType = sourcecode.swift; path = ResturantDetailViewController.swift; sourceTree = "<group>"; };
		EA78A5E72B60559D00790B12 /* e-commerce.app */ = {isa = PBXFileReference; explicitFileType = wrapper.application; includeInIndex = 0; path = "e-commerce.app"; sourceTree = BUILT_PRODUCTS_DIR; };
		EA78A5EA2B60559D00790B12 /* AppDelegate.swift */ = {isa = PBXFileReference; lastKnownFileType = sourcecode.swift; path = AppDelegate.swift; sourceTree = "<group>"; };
		EA78A5EC2B60559D00790B12 /* SceneDelegate.swift */ = {isa = PBXFileReference; lastKnownFileType = sourcecode.swift; path = SceneDelegate.swift; sourceTree = "<group>"; };
		EA78A5EE2B60559D00790B12 /* MainViewController.swift */ = {isa = PBXFileReference; lastKnownFileType = sourcecode.swift; path = MainViewController.swift; sourceTree = "<group>"; };
		EA78A5F12B60559D00790B12 /* Base */ = {isa = PBXFileReference; lastKnownFileType = file.storyboard; name = Base; path = Base.lproj/Main.storyboard; sourceTree = "<group>"; };
		EA78A5F32B60559D00790B12 /* Assets.xcassets */ = {isa = PBXFileReference; lastKnownFileType = folder.assetcatalog; path = Assets.xcassets; sourceTree = "<group>"; };
		EA78A5F62B60559D00790B12 /* Base */ = {isa = PBXFileReference; lastKnownFileType = file.storyboard; name = Base; path = Base.lproj/LaunchScreen.storyboard; sourceTree = "<group>"; };
		EA78A5F82B60559D00790B12 /* Info.plist */ = {isa = PBXFileReference; lastKnownFileType = text.plist.xml; path = Info.plist; sourceTree = "<group>"; };
		EA78A5FE2B605A5A00790B12 /* BannerCollectionViewCell.swift */ = {isa = PBXFileReference; lastKnownFileType = sourcecode.swift; path = BannerCollectionViewCell.swift; sourceTree = "<group>"; };
		EA78A5FF2B605A5A00790B12 /* BannerCollectionViewCell.xib */ = {isa = PBXFileReference; lastKnownFileType = file.xib; path = BannerCollectionViewCell.xib; sourceTree = "<group>"; };
		EA8881FE2B8823EF00A1B51A /* MainTabBarController.swift */ = {isa = PBXFileReference; lastKnownFileType = sourcecode.swift; path = MainTabBarController.swift; sourceTree = "<group>"; };
		EA8A7A8E2B8B389300CCC677 /* UserChatRoomTableViewCell.swift */ = {isa = PBXFileReference; lastKnownFileType = sourcecode.swift; path = UserChatRoomTableViewCell.swift; sourceTree = "<group>"; };
		EA8A7A8F2B8B389300CCC677 /* UserChatRoomTableViewCell.xib */ = {isa = PBXFileReference; lastKnownFileType = file.xib; path = UserChatRoomTableViewCell.xib; sourceTree = "<group>"; };
		EA8A7A922B8B3C5400CCC677 /* Extension+UitableView.swift */ = {isa = PBXFileReference; fileEncoding = 4; lastKnownFileType = sourcecode.swift; path = "Extension+UitableView.swift"; sourceTree = "<group>"; };
		EA8A7A932B8B3C5400CCC677 /* Extension+UitextField.swift */ = {isa = PBXFileReference; fileEncoding = 4; lastKnownFileType = sourcecode.swift; path = "Extension+UitextField.swift"; sourceTree = "<group>"; };
		EA8A7A942B8B3C5400CCC677 /* Extension+UiimageView.swift */ = {isa = PBXFileReference; fileEncoding = 4; lastKnownFileType = sourcecode.swift; path = "Extension+UiimageView.swift"; sourceTree = "<group>"; };
		EA8A7A952B8B3C5400CCC677 /* Extension+UiView.swift */ = {isa = PBXFileReference; fileEncoding = 4; lastKnownFileType = sourcecode.swift; path = "Extension+UiView.swift"; sourceTree = "<group>"; };
		EA8A7A962B8B3C5400CCC677 /* Extension+UiLable.swift */ = {isa = PBXFileReference; fileEncoding = 4; lastKnownFileType = sourcecode.swift; path = "Extension+UiLable.swift"; sourceTree = "<group>"; };
		EA8A7A9C2B8B3EA900CCC677 /* MessageModel.swift */ = {isa = PBXFileReference; lastKnownFileType = sourcecode.swift; path = MessageModel.swift; sourceTree = "<group>"; };
		EA8A7AA52B8B5BCF00CCC677 /* TopNavView.swift */ = {isa = PBXFileReference; lastKnownFileType = sourcecode.swift; path = TopNavView.swift; sourceTree = "<group>"; };
		EA8A7AA92B8B5E2600CCC677 /* AdminMoreViewController.swift */ = {isa = PBXFileReference; lastKnownFileType = sourcecode.swift; path = AdminMoreViewController.swift; sourceTree = "<group>"; };
		EA8A7AB72B8B9A6C00CCC677 /* AdminMarketOrdersViewController.swift */ = {isa = PBXFileReference; lastKnownFileType = sourcecode.swift; path = AdminMarketOrdersViewController.swift; sourceTree = "<group>"; };
		EA9CCB372B89D58A00733C4F /* LoadingViewController.swift */ = {isa = PBXFileReference; lastKnownFileType = sourcecode.swift; path = LoadingViewController.swift; sourceTree = "<group>"; };
		EA9CCB392B89DC7300733C4F /* StorageManager.swift */ = {isa = PBXFileReference; lastKnownFileType = sourcecode.swift; path = StorageManager.swift; sourceTree = "<group>"; };
		EA9CCB3B2B89EE7700733C4F /* extension+UiViewContoller.swift */ = {isa = PBXFileReference; lastKnownFileType = sourcecode.swift; path = "extension+UiViewContoller.swift"; sourceTree = "<group>"; };
		EA9CCB3D2B89F94100733C4F /* AdminDriversViewController.swift */ = {isa = PBXFileReference; lastKnownFileType = sourcecode.swift; path = AdminDriversViewController.swift; sourceTree = "<group>"; };
		EA9CCB3F2B8A011900733C4F /* ChatRoomViewController.swift */ = {isa = PBXFileReference; lastKnownFileType = sourcecode.swift; path = ChatRoomViewController.swift; sourceTree = "<group>"; };
		EA9CCB412B8A097100733C4F /* AdminChatViewController.swift */ = {isa = PBXFileReference; lastKnownFileType = sourcecode.swift; path = AdminChatViewController.swift; sourceTree = "<group>"; };
		EA9CCB4F2B8A4FE900733C4F /* Models.swift */ = {isa = PBXFileReference; lastKnownFileType = sourcecode.swift; path = Models.swift; sourceTree = "<group>"; };
		EA9CCB502B8A4FE900733C4F /* CostumerModel.swift */ = {isa = PBXFileReference; lastKnownFileType = sourcecode.swift; path = CostumerModel.swift; sourceTree = "<group>"; };
		EA9CCB512B8A4FE900733C4F /* MarketModel.swift */ = {isa = PBXFileReference; lastKnownFileType = sourcecode.swift; path = MarketModel.swift; sourceTree = "<group>"; };
		EA9E8E832B6180A300A250B0 /* CategoryTableViewCell.swift */ = {isa = PBXFileReference; lastKnownFileType = sourcecode.swift; path = CategoryTableViewCell.swift; sourceTree = "<group>"; };
		EA9E8E862B6182B600A250B0 /* CategoryCollectionViewCell.swift */ = {isa = PBXFileReference; lastKnownFileType = sourcecode.swift; path = CategoryCollectionViewCell.swift; sourceTree = "<group>"; };
		EA9E8E872B6182B600A250B0 /* CategoryCollectionViewCell.xib */ = {isa = PBXFileReference; lastKnownFileType = file.xib; path = CategoryCollectionViewCell.xib; sourceTree = "<group>"; };
		EA9E8E8F2B61B03500A250B0 /* RestaurantsCollectionViewCell.swift */ = {isa = PBXFileReference; lastKnownFileType = sourcecode.swift; path = RestaurantsCollectionViewCell.swift; sourceTree = "<group>"; };
		EA9E8E902B61B03500A250B0 /* RestaurantsCollectionViewCell.xib */ = {isa = PBXFileReference; lastKnownFileType = file.xib; path = RestaurantsCollectionViewCell.xib; sourceTree = "<group>"; };
		EAB2B6112B86A55800A7D419 /* SecondMainViewController.swift */ = {isa = PBXFileReference; lastKnownFileType = sourcecode.swift; path = SecondMainViewController.swift; sourceTree = "<group>"; };
		EAB2B6142B86A74800A7D419 /* OnboardingViewController.swift */ = {isa = PBXFileReference; lastKnownFileType = sourcecode.swift; path = OnboardingViewController.swift; sourceTree = "<group>"; };
		EAB2B6162B86AE4B00A7D419 /* OnboardingCollectionViewCell.swift */ = {isa = PBXFileReference; lastKnownFileType = sourcecode.swift; path = OnboardingCollectionViewCell.swift; sourceTree = "<group>"; };
		EACFEE2F2B656469008AE44C /* SearchViewController.swift */ = {isa = PBXFileReference; lastKnownFileType = sourcecode.swift; path = SearchViewController.swift; sourceTree = "<group>"; };
		EACFEE312B65888D008AE44C /* TrackViewController.swift */ = {isa = PBXFileReference; lastKnownFileType = sourcecode.swift; path = TrackViewController.swift; sourceTree = "<group>"; };
		EAD2F5B02B8CB059004A58EE /* DriverCollectionViewCell.swift */ = {isa = PBXFileReference; lastKnownFileType = sourcecode.swift; path = DriverCollectionViewCell.swift; sourceTree = "<group>"; };
		EAD2F5B12B8CB059004A58EE /* DriverCollectionViewCell.xib */ = {isa = PBXFileReference; lastKnownFileType = file.xib; path = DriverCollectionViewCell.xib; sourceTree = "<group>"; };
		EAD2F5B42B8CBB24004A58EE /* DriverModel.swift */ = {isa = PBXFileReference; lastKnownFileType = sourcecode.swift; path = DriverModel.swift; sourceTree = "<group>"; };
		EAE8416C2B888E65006E2742 /* extensions+UiNavController.swift */ = {isa = PBXFileReference; lastKnownFileType = sourcecode.swift; path = "extensions+UiNavController.swift"; sourceTree = "<group>"; };
		EAE8416E2B88918A006E2742 /* AdminTabBarController.swift */ = {isa = PBXFileReference; lastKnownFileType = sourcecode.swift; path = AdminTabBarController.swift; sourceTree = "<group>"; };
		EAE841702B8891F4006E2742 /* AdminHomeViewController.swift */ = {isa = PBXFileReference; lastKnownFileType = sourcecode.swift; path = AdminHomeViewController.swift; sourceTree = "<group>"; };
		EAE841742B88991E006E2742 /* MarketViewController.swift */ = {isa = PBXFileReference; lastKnownFileType = sourcecode.swift; path = MarketViewController.swift; sourceTree = "<group>"; };
		EAE841792B88C15A006E2742 /* CostumerServicesViewController.swift */ = {isa = PBXFileReference; lastKnownFileType = sourcecode.swift; path = CostumerServicesViewController.swift; sourceTree = "<group>"; };
		EAE8417D2B88CAE4006E2742 /* CostumerTableViewCell.swift */ = {isa = PBXFileReference; lastKnownFileType = sourcecode.swift; path = CostumerTableViewCell.swift; sourceTree = "<group>"; };
		EAE8417E2B88CAE4006E2742 /* CostumerTableViewCell.xib */ = {isa = PBXFileReference; lastKnownFileType = file.xib; path = CostumerTableViewCell.xib; sourceTree = "<group>"; };
		EAE841852B890D36006E2742 /* MarketCollectionViewCell.swift */ = {isa = PBXFileReference; lastKnownFileType = sourcecode.swift; path = MarketCollectionViewCell.swift; sourceTree = "<group>"; };
		EAE841862B890D36006E2742 /* MarketCollectionViewCell.xib */ = {isa = PBXFileReference; lastKnownFileType = file.xib; path = MarketCollectionViewCell.xib; sourceTree = "<group>"; };
		EAE8418C2B891D40006E2742 /* AdminMarketDetailsViewController.swift */ = {isa = PBXFileReference; lastKnownFileType = sourcecode.swift; path = AdminMarketDetailsViewController.swift; sourceTree = "<group>"; };
		EAE8418E2B891D63006E2742 /* AdminEditMarketViewController.swift */ = {isa = PBXFileReference; lastKnownFileType = sourcecode.swift; path = AdminEditMarketViewController.swift; sourceTree = "<group>"; };
		EAF6440B2B894481006BDADE /* NavigationManager.swift */ = {isa = PBXFileReference; lastKnownFileType = sourcecode.swift; path = NavigationManager.swift; sourceTree = "<group>"; };
/* End PBXFileReference section */

/* Begin PBXFrameworksBuildPhase section */
		EA78A5E42B60559D00790B12 /* Frameworks */ = {
			isa = PBXFrameworksBuildPhase;
			buildActionMask = 2147483647;
			files = (
				C393C34C492BC0D700319162 /* Pods_e_commerce.framework in Frameworks */,
			);
			runOnlyForDeploymentPostprocessing = 0;
		};
/* End PBXFrameworksBuildPhase section */

/* Begin PBXGroup section */
		46D276822810A62050A5C5D9 /* Pods */ = {
			isa = PBXGroup;
			children = (
				115995DC1A5829155968989F /* Pods-e-commerce.debug.xcconfig */,
				502C74A3159D6B65B285C69C /* Pods-e-commerce.release.xcconfig */,
			);
			path = Pods;
			sourceTree = "<group>";
		};
		72B5D874627A529C9DF9C42A /* Frameworks */ = {
			isa = PBXGroup;
			children = (
				C3355D14F0F1A4E0CD5579FF /* Pods_e_commerce.framework */,
			);
			name = Frameworks;
			sourceTree = "<group>";
		};
		EA02C9F12B971EBC00C039F5 /* MoreTableViewCell */ = {
			isa = PBXGroup;
			children = (
				EA02C9F22B971EDB00C039F5 /* MoreTableViewCell.swift */,
			);
			path = MoreTableViewCell;
			sourceTree = "<group>";
		};
		EA2ECF9F2B643F4200DF2C31 /* FavouriteCell */ = {
			isa = PBXGroup;
			children = (
				EA2ECFA02B643F6900DF2C31 /* FavouriteCollectionViewCell.swift */,
				EA2ECFA12B643F6900DF2C31 /* FavouriteCollectionViewCell.xib */,
			);
			path = FavouriteCell;
			sourceTree = "<group>";
		};
		EA3AFF6F2B89584A00709DA4 /* Tabbar */ = {
			isa = PBXGroup;
			children = (
				EAE841762B889A1C006E2742 /* HomeAdmin */,
				EA3AFF742B8958B900709DA4 /* ChatAdmin */,
				EA3AFF752B8958C000709DA4 /* moreAdmin */,
			);
			path = Tabbar;
			sourceTree = "<group>";
		};
		EA3AFF702B89585D00709DA4 /* Dashboard */ = {
			isa = PBXGroup;
			children = (
				EAE8418B2B891D20006E2742 /* Market */,
				EA3AFF712B89587400709DA4 /* Drivers */,
				EA3AFF722B89587B00709DA4 /* Orders */,
				EA3AFF732B89588B00709DA4 /* Users */,
			);
			path = Dashboard;
			sourceTree = "<group>";
		};
		EA3AFF712B89587400709DA4 /* Drivers */ = {
			isa = PBXGroup;
			children = (
				EA9CCB3D2B89F94100733C4F /* AdminDriversViewController.swift */,
				EA02C9EF2B97110300C039F5 /* AdminDriverDetailsViewController.swift */,
				EA02C9ED2B9710F400C039F5 /* AddDriverViewController.swift */,
			);
			path = Drivers;
			sourceTree = "<group>";
		};
		EA3AFF722B89587B00709DA4 /* Orders */ = {
			isa = PBXGroup;
			children = (
			);
			path = Orders;
			sourceTree = "<group>";
		};
		EA3AFF732B89588B00709DA4 /* Users */ = {
			isa = PBXGroup;
			children = (
			);
			path = Users;
			sourceTree = "<group>";
		};
		EA3AFF742B8958B900709DA4 /* ChatAdmin */ = {
			isa = PBXGroup;
			children = (
				EA9CCB412B8A097100733C4F /* AdminChatViewController.swift */,
				EA9CCB3F2B8A011900733C4F /* ChatRoomViewController.swift */,
			);
			path = ChatAdmin;
			sourceTree = "<group>";
		};
		EA3AFF752B8958C000709DA4 /* moreAdmin */ = {
			isa = PBXGroup;
			children = (
				EA8A7AA92B8B5E2600CCC677 /* AdminMoreViewController.swift */,
				EA02C9F62B97286200C039F5 /* AdminSettingViewController.swift */,
				EA5F4F2F2B972A3B00475EF3 /* AdminSubscriptionsViewController.swift */,
				EA5F4F3B2B97620200475EF3 /* AdminBlockMarketViewController.swift */,
			);
			path = moreAdmin;
			sourceTree = "<group>";
		};
		EA4BF1A82B63B63E00743F3F /* IngredientsCell */ = {
			isa = PBXGroup;
			children = (
				EA4BF1A42B63B63700743F3F /* IngredientsTableViewCell.swift */,
				EA4BF1A52B63B63700743F3F /* IngredientsTableViewCell.xib */,
			);
			path = IngredientsCell;
			sourceTree = "<group>";
		};
		EA4BF1AD2B63DB7B00743F3F /* OrdersCell */ = {
			isa = PBXGroup;
			children = (
				EA4BF1A92B63DB7700743F3F /* OrdersTableViewCell.swift */,
				EA4BF1AA2B63DB7700743F3F /* OrdersTableViewCell.xib */,
			);
			path = OrdersCell;
			sourceTree = "<group>";
		};
		EA5E7F902B6310350045C6D7 /* CartCell */ = {
			isa = PBXGroup;
			children = (
				EA5E7F912B6310510045C6D7 /* CartTableViewCell.swift */,
				EA5E7F922B6310510045C6D7 /* CartTableViewCell.xib */,
			);
			path = CartCell;
			sourceTree = "<group>";
		};
		EA5F4F312B97301A00475EF3 /* SubscriptionsCell */ = {
			isa = PBXGroup;
			children = (
				EA5F4F322B97305900475EF3 /* SubscriptionsTableViewCell.swift */,
				EA5F4F332B97305900475EF3 /* SubscriptionsTableViewCell.xib */,
			);
			path = SubscriptionsCell;
			sourceTree = "<group>";
		};
		EA5F4F362B975F8D00475EF3 /* BlockMarketCell */ = {
			isa = PBXGroup;
			children = (
				EA5F4F372B975FC900475EF3 /* BlockMarketTableViewCell.swift */,
				EA5F4F382B975FC900475EF3 /* BlockMarketTableViewCell.xib */,
			);
			path = BlockMarketCell;
			sourceTree = "<group>";
		};
		EA5F4F3D2B99138A00475EF3 /* Market */ = {
			isa = PBXGroup;
			children = (
				EA5F4F3F2B99150600475EF3 /* Tabbar */,
				EA5F4F3E2B9914D200475EF3 /* Dashboard */,
			);
			path = Market;
			sourceTree = "<group>";
		};
		EA5F4F3E2B9914D200475EF3 /* Dashboard */ = {
			isa = PBXGroup;
			children = (
				EA5F4F532B99186200475EF3 /* Add meal */,
				EA5F4F522B99182200475EF3 /* Add Announcement */,
				EA5F4F542B99189100475EF3 /* Drivers */,
				EA5F4F562B9918F500475EF3 /* Meals */,
				EA5F4F552B9918DE00475EF3 /* Orders */,
			);
			path = Dashboard;
			sourceTree = "<group>";
		};
		EA5F4F3F2B99150600475EF3 /* Tabbar */ = {
			isa = PBXGroup;
			children = (
				EA5F4F462B99164E00475EF3 /* MarketHome */,
				EA5F4F482B99166300475EF3 /* MarketCurrentOrder */,
				EA5F4F492B99167200475EF3 /* MarketMore */,
			);
			path = Tabbar;
			sourceTree = "<group>";
		};
		EA5F4F462B99164E00475EF3 /* MarketHome */ = {
			isa = PBXGroup;
			children = (
				EA5F4F4A2B9916D100475EF3 /* MarketTabbar.swift */,
				EA5F4F402B99152500475EF3 /* MarketHomeViewController.swift */,
			);
			path = MarketHome;
			sourceTree = "<group>";
		};
		EA5F4F482B99166300475EF3 /* MarketCurrentOrder */ = {
			isa = PBXGroup;
			children = (
				EA5F4F422B99163000475EF3 /* CurrentOrderViewController.swift */,
			);
			path = MarketCurrentOrder;
			sourceTree = "<group>";
		};
		EA5F4F492B99167200475EF3 /* MarketMore */ = {
			isa = PBXGroup;
			children = (
				EA5F4F442B99164500475EF3 /* MarketMoreViewController.swift */,
				EA5F4F4C2B99177800475EF3 /* MarketSettingViewController.swift */,
				EA5F4F4E2B9917AB00475EF3 /* MarketProfileViewController.swift */,
				EA5F4F502B9917CC00475EF3 /* MarketAnnouncementViewController.swift */,
			);
			path = MarketMore;
			sourceTree = "<group>";
		};
		EA5F4F522B99182200475EF3 /* Add Announcement */ = {
			isa = PBXGroup;
			children = (
			);
			path = "Add Announcement";
			sourceTree = "<group>";
		};
		EA5F4F532B99186200475EF3 /* Add meal */ = {
			isa = PBXGroup;
			children = (
			);
			path = "Add meal";
			sourceTree = "<group>";
		};
		EA5F4F542B99189100475EF3 /* Drivers */ = {
			isa = PBXGroup;
			children = (
			);
			path = Drivers;
			sourceTree = "<group>";
		};
		EA5F4F552B9918DE00475EF3 /* Orders */ = {
			isa = PBXGroup;
			children = (
			);
			path = Orders;
			sourceTree = "<group>";
		};
		EA5F4F562B9918F500475EF3 /* Meals */ = {
			isa = PBXGroup;
			children = (
			);
			path = Meals;
			sourceTree = "<group>";
		};
		EA6AE0912B62690800AE45DB /* BestProducts */ = {
			isa = PBXGroup;
			children = (
				EA6AE0922B62694400AE45DB /* bestProductsCollectionViewCell.swift */,
				EA6AE0932B62694400AE45DB /* bestProductsCollectionViewCell.xib */,
			);
			path = BestProducts;
			sourceTree = "<group>";
		};
		EA6AE0982B62AE6500AE45DB /* Cells */ = {
			isa = PBXGroup;
			children = (
				EAE841772B88B902006E2742 /* UsersCells */,
				EAE841782B88BBD4006E2742 /* AdminCells */,
			);
			path = Cells;
			sourceTree = "<group>";
		};
		EA6AE0992B62AE8000AE45DB /* Controllers */ = {
			isa = PBXGroup;
			children = (
				EAB2B6182B86AE5000A7D419 /* Onboarding */,
				EAB2B6132B86A72800A7D419 /* User */,
				EAC75B672B8817140023CD97 /* Admin */,
				EA5F4F3D2B99138A00475EF3 /* Market */,
			);
			path = Controllers;
			sourceTree = "<group>";
		};
		EA78A5DE2B60559D00790B12 = {
			isa = PBXGroup;
			children = (
				EA78A5E92B60559D00790B12 /* e-commerce */,
				EA78A5E82B60559D00790B12 /* Products */,
				46D276822810A62050A5C5D9 /* Pods */,
				72B5D874627A529C9DF9C42A /* Frameworks */,
			);
			sourceTree = "<group>";
		};
		EA78A5E82B60559D00790B12 /* Products */ = {
			isa = PBXGroup;
			children = (
				EA78A5E72B60559D00790B12 /* e-commerce.app */,
			);
			name = Products;
			sourceTree = "<group>";
		};
		EA78A5E92B60559D00790B12 /* e-commerce */ = {
			isa = PBXGroup;
			children = (
				EA78A5EA2B60559D00790B12 /* AppDelegate.swift */,
				EA78A5EC2B60559D00790B12 /* SceneDelegate.swift */,
				EABC61972B78C590002F4B67 /* Extensions */,
				EAF6440A2B89446F006BDADE /* Helper */,
				EA9CCB552B8A4FEC00733C4F /* Models */,
				EA6AE0992B62AE8000AE45DB /* Controllers */,
				EA6AE0982B62AE6500AE45DB /* Cells */,
				EA78A5F02B60559D00790B12 /* Main.storyboard */,
				EA78A5F32B60559D00790B12 /* Assets.xcassets */,
				EA78A5F52B60559D00790B12 /* LaunchScreen.storyboard */,
				EA78A5F82B60559D00790B12 /* Info.plist */,
			);
			path = "e-commerce";
			sourceTree = "<group>";
		};
		EA8A7A8D2B8B386000CCC677 /* userChatRoomTableCell */ = {
			isa = PBXGroup;
			children = (
				EA8A7A8E2B8B389300CCC677 /* UserChatRoomTableViewCell.swift */,
				EA8A7A8F2B8B389300CCC677 /* UserChatRoomTableViewCell.xib */,
			);
			path = userChatRoomTableCell;
			sourceTree = "<group>";
		};
		EA8A7A9E2B8B5A8B00CCC677 /* TopNavView */ = {
			isa = PBXGroup;
			children = (
				EA8A7AA52B8B5BCF00CCC677 /* TopNavView.swift */,
			);
			path = TopNavView;
			sourceTree = "<group>";
		};
		EA9CCB552B8A4FEC00733C4F /* Models */ = {
			isa = PBXGroup;
			children = (
				EA9CCB502B8A4FE900733C4F /* CostumerModel.swift */,
				EA9CCB512B8A4FE900733C4F /* MarketModel.swift */,
				EA9CCB4F2B8A4FE900733C4F /* Models.swift */,
				EA8A7A9C2B8B3EA900CCC677 /* MessageModel.swift */,
				EAD2F5B42B8CBB24004A58EE /* DriverModel.swift */,
				EA02C9F42B971F7800C039F5 /* MoreModel.swift */,
			);
			path = Models;
			sourceTree = "<group>";
		};
		EA9E8E812B61800000A250B0 /* BannerCollectionViewCell */ = {
			isa = PBXGroup;
			children = (
				EA78A5FE2B605A5A00790B12 /* BannerCollectionViewCell.swift */,
				EA78A5FF2B605A5A00790B12 /* BannerCollectionViewCell.xib */,
			);
			path = BannerCollectionViewCell;
			sourceTree = "<group>";
		};
		EA9E8E822B61801500A250B0 /* CategoriesCell */ = {
			isa = PBXGroup;
			children = (
				EA9E8E832B6180A300A250B0 /* CategoryTableViewCell.swift */,
			);
			path = CategoriesCell;
			sourceTree = "<group>";
		};
		EA9E8E852B61829400A250B0 /* CategoryCollectionViewCell */ = {
			isa = PBXGroup;
			children = (
				EA9E8E862B6182B600A250B0 /* CategoryCollectionViewCell.swift */,
				EA9E8E872B6182B600A250B0 /* CategoryCollectionViewCell.xib */,
			);
			path = CategoryCollectionViewCell;
			sourceTree = "<group>";
		};
		EA9E8E8E2B61B01D00A250B0 /* RestaurantsCell */ = {
			isa = PBXGroup;
			children = (
				EA9E8E8F2B61B03500A250B0 /* RestaurantsCollectionViewCell.swift */,
				EA9E8E902B61B03500A250B0 /* RestaurantsCollectionViewCell.xib */,
			);
			path = RestaurantsCell;
			sourceTree = "<group>";
		};
		EAB2B6132B86A72800A7D419 /* User */ = {
			isa = PBXGroup;
			children = (
				EA8881FE2B8823EF00A1B51A /* MainTabBarController.swift */,
				EA78A5EE2B60559D00790B12 /* MainViewController.swift */,
				EAB2B6112B86A55800A7D419 /* SecondMainViewController.swift */,
				EA6AE09A2B62AEE100AE45DB /* ResturantDetailViewController.swift */,
				EA5E7F8E2B630F2F0045C6D7 /* CartViewController.swift */,
				EA2439212B63A0DA00ACD5BE /* ProductDetailViewController.swift */,
				EA2ECF9B2B63E14E00DF2C31 /* OrderViewController.swift */,
				EA2ECF9D2B643F3200DF2C31 /* FavouriteViewController.swift */,
				EACFEE2F2B656469008AE44C /* SearchViewController.swift */,
				EACFEE312B65888D008AE44C /* TrackViewController.swift */,
			);
			path = User;
			sourceTree = "<group>";
		};
		EAB2B6182B86AE5000A7D419 /* Onboarding */ = {
			isa = PBXGroup;
			children = (
				EA9CCB372B89D58A00733C4F /* LoadingViewController.swift */,
				EAB2B6142B86A74800A7D419 /* OnboardingViewController.swift */,
				EAB2B6162B86AE4B00A7D419 /* OnboardingCollectionViewCell.swift */,
			);
			path = Onboarding;
			sourceTree = "<group>";
		};
		EABC61972B78C590002F4B67 /* Extensions */ = {
			isa = PBXGroup;
			children = (
				EA2439232B63A66A00ACD5BE /* extensions.swift */,
				EAE8416C2B888E65006E2742 /* extensions+UiNavController.swift */,
				EA9CCB3B2B89EE7700733C4F /* extension+UiViewContoller.swift */,
				EA8A7A942B8B3C5400CCC677 /* Extension+UiimageView.swift */,
				EA8A7A962B8B3C5400CCC677 /* Extension+UiLable.swift */,
				EA8A7A922B8B3C5400CCC677 /* Extension+UitableView.swift */,
				EA8A7A932B8B3C5400CCC677 /* Extension+UitextField.swift */,
				EA8A7A952B8B3C5400CCC677 /* Extension+UiView.swift */,
			);
			path = Extensions;
			sourceTree = "<group>";
		};
		EAC75B672B8817140023CD97 /* Admin */ = {
			isa = PBXGroup;
			children = (
				EA3AFF6F2B89584A00709DA4 /* Tabbar */,
				EA3AFF702B89585D00709DA4 /* Dashboard */,
			);
			path = Admin;
			sourceTree = "<group>";
		};
		EAD2F5AF2B8CB03F004A58EE /* driversCell */ = {
			isa = PBXGroup;
			children = (
				EAD2F5B02B8CB059004A58EE /* DriverCollectionViewCell.swift */,
				EAD2F5B12B8CB059004A58EE /* DriverCollectionViewCell.xib */,
			);
			path = driversCell;
			sourceTree = "<group>";
		};
		EAE841762B889A1C006E2742 /* HomeAdmin */ = {
			isa = PBXGroup;
			children = (
				EAE8416E2B88918A006E2742 /* AdminTabBarController.swift */,
				EAE841702B8891F4006E2742 /* AdminHomeViewController.swift */,
				EAE841792B88C15A006E2742 /* CostumerServicesViewController.swift */,
			);
			path = HomeAdmin;
			sourceTree = "<group>";
		};
		EAE841772B88B902006E2742 /* UsersCells */ = {
			isa = PBXGroup;
			children = (
				EA9E8E812B61800000A250B0 /* BannerCollectionViewCell */,
				EA9E8E822B61801500A250B0 /* CategoriesCell */,
				EA9E8E852B61829400A250B0 /* CategoryCollectionViewCell */,
				EA9E8E8E2B61B01D00A250B0 /* RestaurantsCell */,
				EA6AE0912B62690800AE45DB /* BestProducts */,
				EA4BF1A82B63B63E00743F3F /* IngredientsCell */,
				EA2ECF9F2B643F4200DF2C31 /* FavouriteCell */,
				EA4BF1AD2B63DB7B00743F3F /* OrdersCell */,
				EA5E7F902B6310350045C6D7 /* CartCell */,
			);
			path = UsersCells;
			sourceTree = "<group>";
		};
		EAE841782B88BBD4006E2742 /* AdminCells */ = {
			isa = PBXGroup;
			children = (
				EAD2F5AF2B8CB03F004A58EE /* driversCell */,
				EAE841822B890B6D006E2742 /* MarketCell */,
				EAE841812B890B42006E2742 /* CostumerTableViewCell */,
				EA8A7A8D2B8B386000CCC677 /* userChatRoomTableCell */,
				EA02C9F12B971EBC00C039F5 /* MoreTableViewCell */,
				EA5F4F312B97301A00475EF3 /* SubscriptionsCell */,
				EA5F4F362B975F8D00475EF3 /* BlockMarketCell */,
			);
			path = AdminCells;
			sourceTree = "<group>";
		};
		EAE841812B890B42006E2742 /* CostumerTableViewCell */ = {
			isa = PBXGroup;
			children = (
				EAE8417D2B88CAE4006E2742 /* CostumerTableViewCell.swift */,
				EAE8417E2B88CAE4006E2742 /* CostumerTableViewCell.xib */,
			);
			path = CostumerTableViewCell;
			sourceTree = "<group>";
		};
		EAE841822B890B6D006E2742 /* MarketCell */ = {
			isa = PBXGroup;
			children = (
				EAE841852B890D36006E2742 /* MarketCollectionViewCell.swift */,
				EAE841862B890D36006E2742 /* MarketCollectionViewCell.xib */,
			);
			path = MarketCell;
			sourceTree = "<group>";
		};
		EAE8418B2B891D20006E2742 /* Market */ = {
			isa = PBXGroup;
			children = (
				EAE841742B88991E006E2742 /* MarketViewController.swift */,
				EAE8418C2B891D40006E2742 /* AdminMarketDetailsViewController.swift */,
				EAE8418E2B891D63006E2742 /* AdminEditMarketViewController.swift */,
				EA8A7AB72B8B9A6C00CCC677 /* AdminMarketOrdersViewController.swift */,
			);
			path = Market;
			sourceTree = "<group>";
		};
		EAF6440A2B89446F006BDADE /* Helper */ = {
			isa = PBXGroup;
			children = (
				EA8A7A9E2B8B5A8B00CCC677 /* TopNavView */,
				EAF6440B2B894481006BDADE /* NavigationManager.swift */,
				EA9CCB392B89DC7300733C4F /* StorageManager.swift */,
			);
			path = Helper;
			sourceTree = "<group>";
		};
/* End PBXGroup section */

/* Begin PBXNativeTarget section */
		EA78A5E62B60559D00790B12 /* e-commerce */ = {
			isa = PBXNativeTarget;
			buildConfigurationList = EA78A5FB2B60559D00790B12 /* Build configuration list for PBXNativeTarget "e-commerce" */;
			buildPhases = (
				3FC2E297D3A74701A777CCC9 /* [CP] Check Pods Manifest.lock */,
				EA78A5E32B60559D00790B12 /* Sources */,
				EA78A5E42B60559D00790B12 /* Frameworks */,
				EA78A5E52B60559D00790B12 /* Resources */,
			);
			buildRules = (
			);
			dependencies = (
			);
			name = "e-commerce";
			productName = "e-commerce";
			productReference = EA78A5E72B60559D00790B12 /* e-commerce.app */;
			productType = "com.apple.product-type.application";
		};
/* End PBXNativeTarget section */

/* Begin PBXProject section */
		EA78A5DF2B60559D00790B12 /* Project object */ = {
			isa = PBXProject;
			attributes = {
				BuildIndependentTargetsInParallel = 1;
				LastSwiftUpdateCheck = 1510;
				LastUpgradeCheck = 1510;
				TargetAttributes = {
					EA78A5E62B60559D00790B12 = {
						CreatedOnToolsVersion = 15.1;
					};
				};
			};
			buildConfigurationList = EA78A5E22B60559D00790B12 /* Build configuration list for PBXProject "e-commerce" */;
			compatibilityVersion = "Xcode 14.0";
			developmentRegion = en;
			hasScannedForEncodings = 0;
			knownRegions = (
				en,
				Base,
			);
			mainGroup = EA78A5DE2B60559D00790B12;
			productRefGroup = EA78A5E82B60559D00790B12 /* Products */;
			projectDirPath = "";
			projectRoot = "";
			targets = (
				EA78A5E62B60559D00790B12 /* e-commerce */,
			);
		};
/* End PBXProject section */

/* Begin PBXResourcesBuildPhase section */
		EA78A5E52B60559D00790B12 /* Resources */ = {
			isa = PBXResourcesBuildPhase;
			buildActionMask = 2147483647;
			files = (
				EA4BF1AC2B63DB7700743F3F /* OrdersTableViewCell.xib in Resources */,
				EA78A5F72B60559D00790B12 /* LaunchScreen.storyboard in Resources */,
				EAE841882B890D36006E2742 /* MarketCollectionViewCell.xib in Resources */,
				EA8A7A912B8B389300CCC677 /* UserChatRoomTableViewCell.xib in Resources */,
				EA9E8E892B6182B600A250B0 /* CategoryCollectionViewCell.xib in Resources */,
				EA4BF1A72B63B63700743F3F /* IngredientsTableViewCell.xib in Resources */,
				EA6AE0952B62694400AE45DB /* bestProductsCollectionViewCell.xib in Resources */,
				EA5E7F942B6310510045C6D7 /* CartTableViewCell.xib in Resources */,
				EA2ECFA32B643F6900DF2C31 /* FavouriteCollectionViewCell.xib in Resources */,
				EAE841802B88CAE4006E2742 /* CostumerTableViewCell.xib in Resources */,
				EA5F4F352B97305900475EF3 /* SubscriptionsTableViewCell.xib in Resources */,
				EA78A5F42B60559D00790B12 /* Assets.xcassets in Resources */,
				EA5F4F3A2B975FC900475EF3 /* BlockMarketTableViewCell.xib in Resources */,
				EAD2F5B32B8CB059004A58EE /* DriverCollectionViewCell.xib in Resources */,
				EA78A6012B605A5A00790B12 /* BannerCollectionViewCell.xib in Resources */,
				EA78A5F22B60559D00790B12 /* Main.storyboard in Resources */,
				EA9E8E922B61B03500A250B0 /* RestaurantsCollectionViewCell.xib in Resources */,
			);
			runOnlyForDeploymentPostprocessing = 0;
		};
/* End PBXResourcesBuildPhase section */

/* Begin PBXShellScriptBuildPhase section */
		3FC2E297D3A74701A777CCC9 /* [CP] Check Pods Manifest.lock */ = {
			isa = PBXShellScriptBuildPhase;
			buildActionMask = 2147483647;
			files = (
			);
			inputFileListPaths = (
			);
			inputPaths = (
				"${PODS_PODFILE_DIR_PATH}/Podfile.lock",
				"${PODS_ROOT}/Manifest.lock",
			);
			name = "[CP] Check Pods Manifest.lock";
			outputFileListPaths = (
			);
			outputPaths = (
				"$(DERIVED_FILE_DIR)/Pods-e-commerce-checkManifestLockResult.txt",
			);
			runOnlyForDeploymentPostprocessing = 0;
			shellPath = /bin/sh;
			shellScript = "diff \"${PODS_PODFILE_DIR_PATH}/Podfile.lock\" \"${PODS_ROOT}/Manifest.lock\" > /dev/null\nif [ $? != 0 ] ; then\n    # print error to STDERR\n    echo \"error: The sandbox is not in sync with the Podfile.lock. Run 'pod install' or update your CocoaPods installation.\" >&2\n    exit 1\nfi\n# This output is used by Xcode 'outputs' to avoid re-running this script phase.\necho \"SUCCESS\" > \"${SCRIPT_OUTPUT_FILE_0}\"\n";
			showEnvVarsInLog = 0;
		};
/* End PBXShellScriptBuildPhase section */

/* Begin PBXSourcesBuildPhase section */
		EA78A5E32B60559D00790B12 /* Sources */ = {
			isa = PBXSourcesBuildPhase;
			buildActionMask = 2147483647;
			files = (
				EAF6440C2B894481006BDADE /* NavigationManager.swift in Sources */,
				EA8A7AAA2B8B5E2600CCC677 /* AdminMoreViewController.swift in Sources */,
				EA5F4F342B97305900475EF3 /* SubscriptionsTableViewCell.swift in Sources */,
				EA4BF1A62B63B63700743F3F /* IngredientsTableViewCell.swift in Sources */,
				EA02C9F02B97110300C039F5 /* AdminDriverDetailsViewController.swift in Sources */,
				EA8A7AA72B8B5BCF00CCC677 /* TopNavView.swift in Sources */,
				EA8A7A9A2B8B3C5400CCC677 /* Extension+UiView.swift in Sources */,
				EA78A5EF2B60559D00790B12 /* MainViewController.swift in Sources */,
				EA5F4F3C2B97620200475EF3 /* AdminBlockMarketViewController.swift in Sources */,
				EA8881FF2B8823EF00A1B51A /* MainTabBarController.swift in Sources */,
				EA5F4F302B972A3B00475EF3 /* AdminSubscriptionsViewController.swift in Sources */,
				EA9CCB3E2B89F94100733C4F /* AdminDriversViewController.swift in Sources */,
				EA9E8E912B61B03500A250B0 /* RestaurantsCollectionViewCell.swift in Sources */,
				EA5F4F452B99164500475EF3 /* MarketMoreViewController.swift in Sources */,
				EAE8418D2B891D40006E2742 /* AdminMarketDetailsViewController.swift in Sources */,
				EA78A5EB2B60559D00790B12 /* AppDelegate.swift in Sources */,
				EAB2B6152B86A74800A7D419 /* OnboardingViewController.swift in Sources */,
				EA02C9F52B971F7800C039F5 /* MoreModel.swift in Sources */,
				EA2ECF9E2B643F3200DF2C31 /* FavouriteViewController.swift in Sources */,
				EA2439242B63A66A00ACD5BE /* extensions.swift in Sources */,
				EA2ECFA22B643F6900DF2C31 /* FavouriteCollectionViewCell.swift in Sources */,
				EA9CCB382B89D58A00733C4F /* LoadingViewController.swift in Sources */,
				EAD2F5B22B8CB059004A58EE /* DriverCollectionViewCell.swift in Sources */,
				EA9CCB3A2B89DC7400733C4F /* StorageManager.swift in Sources */,
				EA5E7F932B6310510045C6D7 /* CartTableViewCell.swift in Sources */,
				EA5F4F392B975FC900475EF3 /* BlockMarketTableViewCell.swift in Sources */,
				EA4BF1AB2B63DB7700743F3F /* OrdersTableViewCell.swift in Sources */,
				EA5F4F412B99152500475EF3 /* MarketHomeViewController.swift in Sources */,
				EA5F4F512B9917CC00475EF3 /* MarketAnnouncementViewController.swift in Sources */,
				EAE8417F2B88CAE4006E2742 /* CostumerTableViewCell.swift in Sources */,
				EA8A7A972B8B3C5400CCC677 /* Extension+UitableView.swift in Sources */,
				EA5F4F4D2B99177800475EF3 /* MarketSettingViewController.swift in Sources */,
				EA8A7A902B8B389300CCC677 /* UserChatRoomTableViewCell.swift in Sources */,
				EA2439222B63A0DA00ACD5BE /* ProductDetailViewController.swift in Sources */,
				EAD2F5B52B8CBB24004A58EE /* DriverModel.swift in Sources */,
				EA8A7AB82B8B9A6C00CCC677 /* AdminMarketOrdersViewController.swift in Sources */,
				EAE8416F2B88918A006E2742 /* AdminTabBarController.swift in Sources */,
				EAE8416D2B888E65006E2742 /* extensions+UiNavController.swift in Sources */,
				EA8A7A9B2B8B3C5400CCC677 /* Extension+UiLable.swift in Sources */,
				EAB2B6172B86AE4B00A7D419 /* OnboardingCollectionViewCell.swift in Sources */,
				EAE8418F2B891D63006E2742 /* AdminEditMarketViewController.swift in Sources */,
				EACFEE302B656469008AE44C /* SearchViewController.swift in Sources */,
				EAB2B6122B86A55800A7D419 /* SecondMainViewController.swift in Sources */,
				EA5F4F4B2B9916D100475EF3 /* MarketTabbar.swift in Sources */,
				EA02C9F72B97286200C039F5 /* AdminSettingViewController.swift in Sources */,
				EA2ECF9C2B63E14E00DF2C31 /* OrderViewController.swift in Sources */,
				EA8A7A992B8B3C5400CCC677 /* Extension+UiimageView.swift in Sources */,
				EA5F4F4F2B9917AB00475EF3 /* MarketProfileViewController.swift in Sources */,
				EA78A6002B605A5A00790B12 /* BannerCollectionViewCell.swift in Sources */,
				EA6AE0942B62694400AE45DB /* bestProductsCollectionViewCell.swift in Sources */,
				EAE841872B890D36006E2742 /* MarketCollectionViewCell.swift in Sources */,
				EA9CCB3C2B89EE7700733C4F /* extension+UiViewContoller.swift in Sources */,
				EA9CCB542B8A4FEA00733C4F /* MarketModel.swift in Sources */,
				EA78A5ED2B60559D00790B12 /* SceneDelegate.swift in Sources */,
				EAE841752B88991E006E2742 /* MarketViewController.swift in Sources */,
				EA6AE09B2B62AEE100AE45DB /* ResturantDetailViewController.swift in Sources */,
				EACFEE322B65888D008AE44C /* TrackViewController.swift in Sources */,
				EA02C9EE2B9710F400C039F5 /* AddDriverViewController.swift in Sources */,
				EA9CCB402B8A011900733C4F /* ChatRoomViewController.swift in Sources */,
				EA5F4F432B99163000475EF3 /* CurrentOrderViewController.swift in Sources */,
				EA5E7F8F2B630F2F0045C6D7 /* CartViewController.swift in Sources */,
				EAE841712B8891F4006E2742 /* AdminHomeViewController.swift in Sources */,
				EA9CCB522B8A4FEA00733C4F /* Models.swift in Sources */,
				EA9CCB422B8A097100733C4F /* AdminChatViewController.swift in Sources */,
				EA8A7A982B8B3C5400CCC677 /* Extension+UitextField.swift in Sources */,
				EA8A7A9D2B8B3EA900CCC677 /* MessageModel.swift in Sources */,
				EA9E8E882B6182B600A250B0 /* CategoryCollectionViewCell.swift in Sources */,
				EA02C9F32B971EDB00C039F5 /* MoreTableViewCell.swift in Sources */,
				EAE8417A2B88C15A006E2742 /* CostumerServicesViewController.swift in Sources */,
				EA9E8E842B6180A300A250B0 /* CategoryTableViewCell.swift in Sources */,
				EA9CCB532B8A4FEA00733C4F /* CostumerModel.swift in Sources */,
			);
			runOnlyForDeploymentPostprocessing = 0;
		};
/* End PBXSourcesBuildPhase section */

/* Begin PBXVariantGroup section */
		EA78A5F02B60559D00790B12 /* Main.storyboard */ = {
			isa = PBXVariantGroup;
			children = (
				EA78A5F12B60559D00790B12 /* Base */,
			);
			name = Main.storyboard;
			sourceTree = "<group>";
		};
		EA78A5F52B60559D00790B12 /* LaunchScreen.storyboard */ = {
			isa = PBXVariantGroup;
			children = (
				EA78A5F62B60559D00790B12 /* Base */,
			);
			name = LaunchScreen.storyboard;
			sourceTree = "<group>";
		};
/* End PBXVariantGroup section */

/* Begin XCBuildConfiguration section */
		EA78A5F92B60559D00790B12 /* Debug */ = {
			isa = XCBuildConfiguration;
			buildSettings = {
				ALWAYS_SEARCH_USER_PATHS = NO;
				ASSETCATALOG_COMPILER_GENERATE_SWIFT_ASSET_SYMBOL_EXTENSIONS = YES;
				CLANG_ANALYZER_NONNULL = YES;
				CLANG_ANALYZER_NUMBER_OBJECT_CONVERSION = YES_AGGRESSIVE;
				CLANG_CXX_LANGUAGE_STANDARD = "gnu++20";
				CLANG_ENABLE_MODULES = YES;
				CLANG_ENABLE_OBJC_ARC = YES;
				CLANG_ENABLE_OBJC_WEAK = YES;
				CLANG_WARN_BLOCK_CAPTURE_AUTORELEASING = YES;
				CLANG_WARN_BOOL_CONVERSION = YES;
				CLANG_WARN_COMMA = YES;
				CLANG_WARN_CONSTANT_CONVERSION = YES;
				CLANG_WARN_DEPRECATED_OBJC_IMPLEMENTATIONS = YES;
				CLANG_WARN_DIRECT_OBJC_ISA_USAGE = YES_ERROR;
				CLANG_WARN_DOCUMENTATION_COMMENTS = YES;
				CLANG_WARN_EMPTY_BODY = YES;
				CLANG_WARN_ENUM_CONVERSION = YES;
				CLANG_WARN_INFINITE_RECURSION = YES;
				CLANG_WARN_INT_CONVERSION = YES;
				CLANG_WARN_NON_LITERAL_NULL_CONVERSION = YES;
				CLANG_WARN_OBJC_IMPLICIT_RETAIN_SELF = YES;
				CLANG_WARN_OBJC_LITERAL_CONVERSION = YES;
				CLANG_WARN_OBJC_ROOT_CLASS = YES_ERROR;
				CLANG_WARN_QUOTED_INCLUDE_IN_FRAMEWORK_HEADER = YES;
				CLANG_WARN_RANGE_LOOP_ANALYSIS = YES;
				CLANG_WARN_STRICT_PROTOTYPES = YES;
				CLANG_WARN_SUSPICIOUS_MOVE = YES;
				CLANG_WARN_UNGUARDED_AVAILABILITY = YES_AGGRESSIVE;
				CLANG_WARN_UNREACHABLE_CODE = YES;
				CLANG_WARN__DUPLICATE_METHOD_MATCH = YES;
				COPY_PHASE_STRIP = NO;
				DEBUG_INFORMATION_FORMAT = dwarf;
				ENABLE_STRICT_OBJC_MSGSEND = YES;
				ENABLE_TESTABILITY = YES;
				ENABLE_USER_SCRIPT_SANDBOXING = YES;
				GCC_C_LANGUAGE_STANDARD = gnu17;
				GCC_DYNAMIC_NO_PIC = NO;
				GCC_NO_COMMON_BLOCKS = YES;
				GCC_OPTIMIZATION_LEVEL = 0;
				GCC_PREPROCESSOR_DEFINITIONS = (
					"DEBUG=1",
					"$(inherited)",
				);
				GCC_WARN_64_TO_32_BIT_CONVERSION = YES;
				GCC_WARN_ABOUT_RETURN_TYPE = YES_ERROR;
				GCC_WARN_UNDECLARED_SELECTOR = YES;
				GCC_WARN_UNINITIALIZED_AUTOS = YES_AGGRESSIVE;
				GCC_WARN_UNUSED_FUNCTION = YES;
				GCC_WARN_UNUSED_VARIABLE = YES;
				IPHONEOS_DEPLOYMENT_TARGET = 17.2;
				LOCALIZATION_PREFERS_STRING_CATALOGS = YES;
				MTL_ENABLE_DEBUG_INFO = INCLUDE_SOURCE;
				MTL_FAST_MATH = YES;
				ONLY_ACTIVE_ARCH = YES;
				SDKROOT = iphoneos;
				SWIFT_ACTIVE_COMPILATION_CONDITIONS = "DEBUG $(inherited)";
				SWIFT_OPTIMIZATION_LEVEL = "-Onone";
			};
			name = Debug;
		};
		EA78A5FA2B60559D00790B12 /* Release */ = {
			isa = XCBuildConfiguration;
			buildSettings = {
				ALWAYS_SEARCH_USER_PATHS = NO;
				ASSETCATALOG_COMPILER_GENERATE_SWIFT_ASSET_SYMBOL_EXTENSIONS = YES;
				CLANG_ANALYZER_NONNULL = YES;
				CLANG_ANALYZER_NUMBER_OBJECT_CONVERSION = YES_AGGRESSIVE;
				CLANG_CXX_LANGUAGE_STANDARD = "gnu++20";
				CLANG_ENABLE_MODULES = YES;
				CLANG_ENABLE_OBJC_ARC = YES;
				CLANG_ENABLE_OBJC_WEAK = YES;
				CLANG_WARN_BLOCK_CAPTURE_AUTORELEASING = YES;
				CLANG_WARN_BOOL_CONVERSION = YES;
				CLANG_WARN_COMMA = YES;
				CLANG_WARN_CONSTANT_CONVERSION = YES;
				CLANG_WARN_DEPRECATED_OBJC_IMPLEMENTATIONS = YES;
				CLANG_WARN_DIRECT_OBJC_ISA_USAGE = YES_ERROR;
				CLANG_WARN_DOCUMENTATION_COMMENTS = YES;
				CLANG_WARN_EMPTY_BODY = YES;
				CLANG_WARN_ENUM_CONVERSION = YES;
				CLANG_WARN_INFINITE_RECURSION = YES;
				CLANG_WARN_INT_CONVERSION = YES;
				CLANG_WARN_NON_LITERAL_NULL_CONVERSION = YES;
				CLANG_WARN_OBJC_IMPLICIT_RETAIN_SELF = YES;
				CLANG_WARN_OBJC_LITERAL_CONVERSION = YES;
				CLANG_WARN_OBJC_ROOT_CLASS = YES_ERROR;
				CLANG_WARN_QUOTED_INCLUDE_IN_FRAMEWORK_HEADER = YES;
				CLANG_WARN_RANGE_LOOP_ANALYSIS = YES;
				CLANG_WARN_STRICT_PROTOTYPES = YES;
				CLANG_WARN_SUSPICIOUS_MOVE = YES;
				CLANG_WARN_UNGUARDED_AVAILABILITY = YES_AGGRESSIVE;
				CLANG_WARN_UNREACHABLE_CODE = YES;
				CLANG_WARN__DUPLICATE_METHOD_MATCH = YES;
				COPY_PHASE_STRIP = NO;
				DEBUG_INFORMATION_FORMAT = "dwarf-with-dsym";
				ENABLE_NS_ASSERTIONS = NO;
				ENABLE_STRICT_OBJC_MSGSEND = YES;
				ENABLE_USER_SCRIPT_SANDBOXING = YES;
				GCC_C_LANGUAGE_STANDARD = gnu17;
				GCC_NO_COMMON_BLOCKS = YES;
				GCC_WARN_64_TO_32_BIT_CONVERSION = YES;
				GCC_WARN_ABOUT_RETURN_TYPE = YES_ERROR;
				GCC_WARN_UNDECLARED_SELECTOR = YES;
				GCC_WARN_UNINITIALIZED_AUTOS = YES_AGGRESSIVE;
				GCC_WARN_UNUSED_FUNCTION = YES;
				GCC_WARN_UNUSED_VARIABLE = YES;
				IPHONEOS_DEPLOYMENT_TARGET = 17.2;
				LOCALIZATION_PREFERS_STRING_CATALOGS = YES;
				MTL_ENABLE_DEBUG_INFO = NO;
				MTL_FAST_MATH = YES;
				SDKROOT = iphoneos;
				SWIFT_COMPILATION_MODE = wholemodule;
				VALIDATE_PRODUCT = YES;
			};
			name = Release;
		};
		EA78A5FC2B60559D00790B12 /* Debug */ = {
			isa = XCBuildConfiguration;
			baseConfigurationReference = 115995DC1A5829155968989F /* Pods-e-commerce.debug.xcconfig */;
			buildSettings = {
				ASSETCATALOG_COMPILER_APPICON_NAME = AppIcon;
				ASSETCATALOG_COMPILER_GLOBAL_ACCENT_COLOR_NAME = AccentColor;
				CODE_SIGN_STYLE = Automatic;
				CURRENT_PROJECT_VERSION = 1;
				GENERATE_INFOPLIST_FILE = YES;
				INFOPLIST_FILE = "e-commerce/Info.plist";
				INFOPLIST_KEY_UIApplicationSupportsIndirectInputEvents = YES;
				INFOPLIST_KEY_UILaunchStoryboardName = LaunchScreen;
				INFOPLIST_KEY_UIMainStoryboardFile = Main;
				INFOPLIST_KEY_UISupportedInterfaceOrientations_iPad = "UIInterfaceOrientationPortrait UIInterfaceOrientationPortraitUpsideDown UIInterfaceOrientationLandscapeLeft UIInterfaceOrientationLandscapeRight";
				INFOPLIST_KEY_UISupportedInterfaceOrientations_iPhone = "UIInterfaceOrientationPortrait UIInterfaceOrientationLandscapeLeft UIInterfaceOrientationLandscapeRight";
				LD_RUNPATH_SEARCH_PATHS = (
					"$(inherited)",
					"@executable_path/Frameworks",
				);
				MARKETING_VERSION = 1.0;
				PRODUCT_BUNDLE_IDENTIFIER = "com.khaled.e-commerce";
				PRODUCT_NAME = "$(TARGET_NAME)";
				SWIFT_EMIT_LOC_STRINGS = YES;
				SWIFT_VERSION = 5.0;
				TARGETED_DEVICE_FAMILY = "1,2";
			};
			name = Debug;
		};
		EA78A5FD2B60559D00790B12 /* Release */ = {
			isa = XCBuildConfiguration;
			baseConfigurationReference = 502C74A3159D6B65B285C69C /* Pods-e-commerce.release.xcconfig */;
			buildSettings = {
				ASSETCATALOG_COMPILER_APPICON_NAME = AppIcon;
				ASSETCATALOG_COMPILER_GLOBAL_ACCENT_COLOR_NAME = AccentColor;
				CODE_SIGN_STYLE = Automatic;
				CURRENT_PROJECT_VERSION = 1;
				GENERATE_INFOPLIST_FILE = YES;
				INFOPLIST_FILE = "e-commerce/Info.plist";
				INFOPLIST_KEY_UIApplicationSupportsIndirectInputEvents = YES;
				INFOPLIST_KEY_UILaunchStoryboardName = LaunchScreen;
				INFOPLIST_KEY_UIMainStoryboardFile = Main;
				INFOPLIST_KEY_UISupportedInterfaceOrientations_iPad = "UIInterfaceOrientationPortrait UIInterfaceOrientationPortraitUpsideDown UIInterfaceOrientationLandscapeLeft UIInterfaceOrientationLandscapeRight";
				INFOPLIST_KEY_UISupportedInterfaceOrientations_iPhone = "UIInterfaceOrientationPortrait UIInterfaceOrientationLandscapeLeft UIInterfaceOrientationLandscapeRight";
				LD_RUNPATH_SEARCH_PATHS = (
					"$(inherited)",
					"@executable_path/Frameworks",
				);
				MARKETING_VERSION = 1.0;
				PRODUCT_BUNDLE_IDENTIFIER = "com.khaled.e-commerce";
				PRODUCT_NAME = "$(TARGET_NAME)";
				SWIFT_EMIT_LOC_STRINGS = YES;
				SWIFT_VERSION = 5.0;
				TARGETED_DEVICE_FAMILY = "1,2";
			};
			name = Release;
		};
/* End XCBuildConfiguration section */

/* Begin XCConfigurationList section */
		EA78A5E22B60559D00790B12 /* Build configuration list for PBXProject "e-commerce" */ = {
			isa = XCConfigurationList;
			buildConfigurations = (
				EA78A5F92B60559D00790B12 /* Debug */,
				EA78A5FA2B60559D00790B12 /* Release */,
			);
			defaultConfigurationIsVisible = 0;
			defaultConfigurationName = Release;
		};
		EA78A5FB2B60559D00790B12 /* Build configuration list for PBXNativeTarget "e-commerce" */ = {
			isa = XCConfigurationList;
			buildConfigurations = (
				EA78A5FC2B60559D00790B12 /* Debug */,
				EA78A5FD2B60559D00790B12 /* Release */,
			);
			defaultConfigurationIsVisible = 0;
			defaultConfigurationName = Release;
		};
/* End XCConfigurationList section */
	};
	rootObject = EA78A5DF2B60559D00790B12 /* Project object */;
}
